// !$*UTF8*$!
{
	archiveVersion = 1;
	classes = {
	};
	objectVersion = 56;
	objects = {

/* Begin PBXBuildFile section */
		156E76E528D8AB2000925141 /* AppDelegate.swift in Sources */ = {isa = PBXBuildFile; fileRef = 156E76E428D8AB2000925141 /* AppDelegate.swift */; };
		156E76E728D8AB2000925141 /* SceneDelegate.swift in Sources */ = {isa = PBXBuildFile; fileRef = 156E76E628D8AB2000925141 /* SceneDelegate.swift */; };
		156E76EC28D8AB2000925141 /* Main.storyboard in Resources */ = {isa = PBXBuildFile; fileRef = 156E76EA28D8AB2000925141 /* Main.storyboard */; };
		156E76EE28D8AB2300925141 /* Assets.xcassets in Resources */ = {isa = PBXBuildFile; fileRef = 156E76ED28D8AB2300925141 /* Assets.xcassets */; };
		156E76F128D8AB2300925141 /* LaunchScreen.storyboard in Resources */ = {isa = PBXBuildFile; fileRef = 156E76EF28D8AB2300925141 /* LaunchScreen.storyboard */; };
		156E76FD28D9A23400925141 /* WeatherListTableViewController.swift in Sources */ = {isa = PBXBuildFile; fileRef = 156E76FC28D9A23400925141 /* WeatherListTableViewController.swift */; };
		156E76FF28D9AD6D00925141 /* AddWeatherCityViewController.swift in Sources */ = {isa = PBXBuildFile; fileRef = 156E76FE28D9AD6D00925141 /* AddWeatherCityViewController.swift */; };
		156E770228D9BAAD00925141 /* WeatherCell.swift in Sources */ = {isa = PBXBuildFile; fileRef = 156E770128D9BAAD00925141 /* WeatherCell.swift */; };
		156E770528D9E5A900925141 /* WebService.swift in Sources */ = {isa = PBXBuildFile; fileRef = 156E770428D9E5A900925141 /* WebService.swift */; };
		156E770728D9EFFB00925141 /* WeatherResponse.swift in Sources */ = {isa = PBXBuildFile; fileRef = 156E770628D9EFFB00925141 /* WeatherResponse.swift */; };
		15781D0A28D9FD5800EBE2F2 /* AddWeatherViewModel.swift in Sources */ = {isa = PBXBuildFile; fileRef = 15781D0928D9FD5800EBE2F2 /* AddWeatherViewModel.swift */; };
		15781D0D28D9FDA600EBE2F2 /* Constants.swift in Sources */ = {isa = PBXBuildFile; fileRef = 15781D0C28D9FDA600EBE2F2 /* Constants.swift */; };
		15781D1028D9FED100EBE2F2 /* String+Extension.swift in Sources */ = {isa = PBXBuildFile; fileRef = 15781D0F28D9FED100EBE2F2 /* String+Extension.swift */; };
		15781D1228DA013A00EBE2F2 /* WeatherListViewModel.swift in Sources */ = {isa = PBXBuildFile; fileRef = 15781D1128DA013A00EBE2F2 /* WeatherListViewModel.swift */; };
		15781D1428DA087300EBE2F2 /* Double+Extensions.swift in Sources */ = {isa = PBXBuildFile; fileRef = 15781D1328DA087300EBE2F2 /* Double+Extensions.swift */; };
		15781D1628DAEF9D00EBE2F2 /* SettingsTableViewController.swift in Sources */ = {isa = PBXBuildFile; fileRef = 15781D1528DAEF9D00EBE2F2 /* SettingsTableViewController.swift */; };
		15781D1828DAF1E000EBE2F2 /* SettingsViewModel.swift in Sources */ = {isa = PBXBuildFile; fileRef = 15781D1728DAF1E000EBE2F2 /* SettingsViewModel.swift */; };
/* End PBXBuildFile section */

/* Begin PBXFileReference section */
		156E76E128D8AB2000925141 /* GoodWeather.app */ = {isa = PBXFileReference; explicitFileType = wrapper.application; includeInIndex = 0; path = GoodWeather.app; sourceTree = BUILT_PRODUCTS_DIR; };
		156E76E428D8AB2000925141 /* AppDelegate.swift */ = {isa = PBXFileReference; lastKnownFileType = sourcecode.swift; path = AppDelegate.swift; sourceTree = "<group>"; };
		156E76E628D8AB2000925141 /* SceneDelegate.swift */ = {isa = PBXFileReference; lastKnownFileType = sourcecode.swift; path = SceneDelegate.swift; sourceTree = "<group>"; };
		156E76EB28D8AB2000925141 /* Base */ = {isa = PBXFileReference; lastKnownFileType = file.storyboard; name = Base; path = Base.lproj/Main.storyboard; sourceTree = "<group>"; };
		156E76ED28D8AB2300925141 /* Assets.xcassets */ = {isa = PBXFileReference; lastKnownFileType = folder.assetcatalog; path = Assets.xcassets; sourceTree = "<group>"; };
		156E76F028D8AB2300925141 /* Base */ = {isa = PBXFileReference; lastKnownFileType = file.storyboard; name = Base; path = Base.lproj/LaunchScreen.storyboard; sourceTree = "<group>"; };
		156E76F228D8AB2300925141 /* Info.plist */ = {isa = PBXFileReference; lastKnownFileType = text.plist.xml; path = Info.plist; sourceTree = "<group>"; };
		156E76FC28D9A23400925141 /* WeatherListTableViewController.swift */ = {isa = PBXFileReference; lastKnownFileType = sourcecode.swift; path = WeatherListTableViewController.swift; sourceTree = "<group>"; };
		156E76FE28D9AD6D00925141 /* AddWeatherCityViewController.swift */ = {isa = PBXFileReference; lastKnownFileType = sourcecode.swift; path = AddWeatherCityViewController.swift; sourceTree = "<group>"; };
		156E770128D9BAAD00925141 /* WeatherCell.swift */ = {isa = PBXFileReference; lastKnownFileType = sourcecode.swift; path = WeatherCell.swift; sourceTree = "<group>"; };
		156E770428D9E5A900925141 /* WebService.swift */ = {isa = PBXFileReference; lastKnownFileType = sourcecode.swift; path = WebService.swift; sourceTree = "<group>"; };
		156E770628D9EFFB00925141 /* WeatherResponse.swift */ = {isa = PBXFileReference; lastKnownFileType = sourcecode.swift; path = WeatherResponse.swift; sourceTree = "<group>"; };
		15781D0928D9FD5800EBE2F2 /* AddWeatherViewModel.swift */ = {isa = PBXFileReference; lastKnownFileType = sourcecode.swift; path = AddWeatherViewModel.swift; sourceTree = "<group>"; };
		15781D0C28D9FDA600EBE2F2 /* Constants.swift */ = {isa = PBXFileReference; lastKnownFileType = sourcecode.swift; path = Constants.swift; sourceTree = "<group>"; };
		15781D0F28D9FED100EBE2F2 /* String+Extension.swift */ = {isa = PBXFileReference; lastKnownFileType = sourcecode.swift; path = "String+Extension.swift"; sourceTree = "<group>"; };
		15781D1128DA013A00EBE2F2 /* WeatherListViewModel.swift */ = {isa = PBXFileReference; lastKnownFileType = sourcecode.swift; path = WeatherListViewModel.swift; sourceTree = "<group>"; };
		15781D1328DA087300EBE2F2 /* Double+Extensions.swift */ = {isa = PBXFileReference; lastKnownFileType = sourcecode.swift; path = "Double+Extensions.swift"; sourceTree = "<group>"; };
		15781D1528DAEF9D00EBE2F2 /* SettingsTableViewController.swift */ = {isa = PBXFileReference; lastKnownFileType = sourcecode.swift; path = SettingsTableViewController.swift; sourceTree = "<group>"; };
		15781D1728DAF1E000EBE2F2 /* SettingsViewModel.swift */ = {isa = PBXFileReference; lastKnownFileType = sourcecode.swift; path = SettingsViewModel.swift; sourceTree = "<group>"; };
/* End PBXFileReference section */

/* Begin PBXFrameworksBuildPhase section */
		156E76DE28D8AB2000925141 /* Frameworks */ = {
			isa = PBXFrameworksBuildPhase;
			buildActionMask = 2147483647;
			files = (
			);
			runOnlyForDeploymentPostprocessing = 0;
		};
/* End PBXFrameworksBuildPhase section */

/* Begin PBXGroup section */
		156E76D828D8AB2000925141 = {
			isa = PBXGroup;
			children = (
				156E76E328D8AB2000925141 /* GoodWeather */,
				156E76E228D8AB2000925141 /* Products */,
			);
			sourceTree = "<group>";
		};
		156E76E228D8AB2000925141 /* Products */ = {
			isa = PBXGroup;
			children = (
				156E76E128D8AB2000925141 /* GoodWeather.app */,
			);
			name = Products;
			sourceTree = "<group>";
		};
		156E76E328D8AB2000925141 /* GoodWeather */ = {
			isa = PBXGroup;
			children = (
				15781D0E28D9FEBD00EBE2F2 /* Extensions */,
				15781D0B28D9FD9500EBE2F2 /* Utils */,
				156E770328D9E59800925141 /* Services */,
				156E770028D9BA9100925141 /* CustomCells */,
				156E76F928D9982300925141 /* Model */,
				156E76FA28D9982A00925141 /* ViewModel */,
				156E76F828D9981900925141 /* Controller */,
				156E76FB28D9983800925141 /* View */,
				156E76E428D8AB2000925141 /* AppDelegate.swift */,
				156E76E628D8AB2000925141 /* SceneDelegate.swift */,
				156E76ED28D8AB2300925141 /* Assets.xcassets */,
				156E76F228D8AB2300925141 /* Info.plist */,
			);
			path = GoodWeather;
			sourceTree = "<group>";
		};
		156E76F828D9981900925141 /* Controller */ = {
			isa = PBXGroup;
			children = (
				156E76FC28D9A23400925141 /* WeatherListTableViewController.swift */,
				156E76FE28D9AD6D00925141 /* AddWeatherCityViewController.swift */,
				15781D1528DAEF9D00EBE2F2 /* SettingsTableViewController.swift */,
			);
			path = Controller;
			sourceTree = "<group>";
		};
		156E76F928D9982300925141 /* Model */ = {
			isa = PBXGroup;
			children = (
				156E770628D9EFFB00925141 /* WeatherResponse.swift */,
			);
			path = Model;
			sourceTree = "<group>";
		};
		156E76FA28D9982A00925141 /* ViewModel */ = {
			isa = PBXGroup;
			children = (
				15781D0928D9FD5800EBE2F2 /* AddWeatherViewModel.swift */,
				15781D1128DA013A00EBE2F2 /* WeatherListViewModel.swift */,
				15781D1728DAF1E000EBE2F2 /* SettingsViewModel.swift */,
			);
			path = ViewModel;
			sourceTree = "<group>";
		};
		156E76FB28D9983800925141 /* View */ = {
			isa = PBXGroup;
			children = (
				156E76EA28D8AB2000925141 /* Main.storyboard */,
				156E76EF28D8AB2300925141 /* LaunchScreen.storyboard */,
			);
			path = View;
			sourceTree = "<group>";
		};
		156E770028D9BA9100925141 /* CustomCells */ = {
			isa = PBXGroup;
			children = (
				156E770128D9BAAD00925141 /* WeatherCell.swift */,
			);
			path = CustomCells;
			sourceTree = "<group>";
		};
		156E770328D9E59800925141 /* Services */ = {
			isa = PBXGroup;
			children = (
				156E770428D9E5A900925141 /* WebService.swift */,
			);
			path = Services;
			sourceTree = "<group>";
		};
		15781D0B28D9FD9500EBE2F2 /* Utils */ = {
			isa = PBXGroup;
			children = (
				15781D0C28D9FDA600EBE2F2 /* Constants.swift */,
			);
			path = Utils;
			sourceTree = "<group>";
		};
		15781D0E28D9FEBD00EBE2F2 /* Extensions */ = {
			isa = PBXGroup;
			children = (
				15781D0F28D9FED100EBE2F2 /* String+Extension.swift */,
				15781D1328DA087300EBE2F2 /* Double+Extensions.swift */,
			);
			path = Extensions;
			sourceTree = "<group>";
		};
/* End PBXGroup section */

/* Begin PBXNativeTarget section */
		156E76E028D8AB2000925141 /* GoodWeather */ = {
			isa = PBXNativeTarget;
			buildConfigurationList = 156E76F528D8AB2300925141 /* Build configuration list for PBXNativeTarget "GoodWeather" */;
			buildPhases = (
				156E76DD28D8AB2000925141 /* Sources */,
				156E76DE28D8AB2000925141 /* Frameworks */,
				156E76DF28D8AB2000925141 /* Resources */,
			);
			buildRules = (
			);
			dependencies = (
			);
			name = GoodWeather;
			productName = GoodWeather;
			productReference = 156E76E128D8AB2000925141 /* GoodWeather.app */;
			productType = "com.apple.product-type.application";
		};
/* End PBXNativeTarget section */

/* Begin PBXProject section */
		156E76D928D8AB2000925141 /* Project object */ = {
			isa = PBXProject;
			attributes = {
				BuildIndependentTargetsInParallel = 1;
				LastSwiftUpdateCheck = 1400;
				LastUpgradeCheck = 1400;
				TargetAttributes = {
					156E76E028D8AB2000925141 = {
						CreatedOnToolsVersion = 14.0;
					};
				};
			};
			buildConfigurationList = 156E76DC28D8AB2000925141 /* Build configuration list for PBXProject "GoodWeather" */;
			compatibilityVersion = "Xcode 14.0";
			developmentRegion = en;
			hasScannedForEncodings = 0;
			knownRegions = (
				en,
				Base,
			);
			mainGroup = 156E76D828D8AB2000925141;
			productRefGroup = 156E76E228D8AB2000925141 /* Products */;
			projectDirPath = "";
			projectRoot = "";
			targets = (
				156E76E028D8AB2000925141 /* GoodWeather */,
			);
		};
/* End PBXProject section */

/* Begin PBXResourcesBuildPhase section */
		156E76DF28D8AB2000925141 /* Resources */ = {
			isa = PBXResourcesBuildPhase;
			buildActionMask = 2147483647;
			files = (
				156E76F128D8AB2300925141 /* LaunchScreen.storyboard in Resources */,
				156E76EE28D8AB2300925141 /* Assets.xcassets in Resources */,
				156E76EC28D8AB2000925141 /* Main.storyboard in Resources */,
			);
			runOnlyForDeploymentPostprocessing = 0;
		};
/* End PBXResourcesBuildPhase section */

/* Begin PBXSourcesBuildPhase section */
		156E76DD28D8AB2000925141 /* Sources */ = {
			isa = PBXSourcesBuildPhase;
			buildActionMask = 2147483647;
			files = (
				15781D1428DA087300EBE2F2 /* Double+Extensions.swift in Sources */,
				15781D1628DAEF9D00EBE2F2 /* SettingsTableViewController.swift in Sources */,
				156E770528D9E5A900925141 /* WebService.swift in Sources */,
				15781D0A28D9FD5800EBE2F2 /* AddWeatherViewModel.swift in Sources */,
				156E76FD28D9A23400925141 /* WeatherListTableViewController.swift in Sources */,
				156E76E528D8AB2000925141 /* AppDelegate.swift in Sources */,
				156E770728D9EFFB00925141 /* WeatherResponse.swift in Sources */,
				156E770228D9BAAD00925141 /* WeatherCell.swift in Sources */,
				15781D1228DA013A00EBE2F2 /* WeatherListViewModel.swift in Sources */,
				156E76FF28D9AD6D00925141 /* AddWeatherCityViewController.swift in Sources */,
				156E76E728D8AB2000925141 /* SceneDelegate.swift in Sources */,
				15781D1028D9FED100EBE2F2 /* String+Extension.swift in Sources */,
				15781D0D28D9FDA600EBE2F2 /* Constants.swift in Sources */,
				15781D1828DAF1E000EBE2F2 /* SettingsViewModel.swift in Sources */,
			);
			runOnlyForDeploymentPostprocessing = 0;
		};
/* End PBXSourcesBuildPhase section */

/* Begin PBXVariantGroup section */
		156E76EA28D8AB2000925141 /* Main.storyboard */ = {
			isa = PBXVariantGroup;
			children = (
				156E76EB28D8AB2000925141 /* Base */,
			);
			name = Main.storyboard;
			sourceTree = "<group>";
		};
		156E76EF28D8AB2300925141 /* LaunchScreen.storyboard */ = {
			isa = PBXVariantGroup;
			children = (
				156E76F028D8AB2300925141 /* Base */,
			);
			name = LaunchScreen.storyboard;
			sourceTree = "<group>";
		};
/* End PBXVariantGroup section */

/* Begin XCBuildConfiguration section */
		156E76F328D8AB2300925141 /* Debug */ = {
			isa = XCBuildConfiguration;
			buildSettings = {
				ALWAYS_SEARCH_USER_PATHS = NO;
				CLANG_ANALYZER_NONNULL = YES;
				CLANG_ANALYZER_NUMBER_OBJECT_CONVERSION = YES_AGGRESSIVE;
				CLANG_CXX_LANGUAGE_STANDARD = "gnu++20";
				CLANG_ENABLE_MODULES = YES;
				CLANG_ENABLE_OBJC_ARC = YES;
				CLANG_ENABLE_OBJC_WEAK = YES;
				CLANG_WARN_BLOCK_CAPTURE_AUTORELEASING = YES;
				CLANG_WARN_BOOL_CONVERSION = YES;
				CLANG_WARN_COMMA = YES;
				CLANG_WARN_CONSTANT_CONVERSION = YES;
				CLANG_WARN_DEPRECATED_OBJC_IMPLEMENTATIONS = YES;
				CLANG_WARN_DIRECT_OBJC_ISA_USAGE = YES_ERROR;
				CLANG_WARN_DOCUMENTATION_COMMENTS = YES;
				CLANG_WARN_EMPTY_BODY = YES;
				CLANG_WARN_ENUM_CONVERSION = YES;
				CLANG_WARN_INFINITE_RECURSION = YES;
				CLANG_WARN_INT_CONVERSION = YES;
				CLANG_WARN_NON_LITERAL_NULL_CONVERSION = YES;
				CLANG_WARN_OBJC_IMPLICIT_RETAIN_SELF = YES;
				CLANG_WARN_OBJC_LITERAL_CONVERSION = YES;
				CLANG_WARN_OBJC_ROOT_CLASS = YES_ERROR;
				CLANG_WARN_QUOTED_INCLUDE_IN_FRAMEWORK_HEADER = YES;
				CLANG_WARN_RANGE_LOOP_ANALYSIS = YES;
				CLANG_WARN_STRICT_PROTOTYPES = YES;
				CLANG_WARN_SUSPICIOUS_MOVE = YES;
				CLANG_WARN_UNGUARDED_AVAILABILITY = YES_AGGRESSIVE;
				CLANG_WARN_UNREACHABLE_CODE = YES;
				CLANG_WARN__DUPLICATE_METHOD_MATCH = YES;
				COPY_PHASE_STRIP = NO;
				DEBUG_INFORMATION_FORMAT = dwarf;
				ENABLE_STRICT_OBJC_MSGSEND = YES;
				ENABLE_TESTABILITY = YES;
				GCC_C_LANGUAGE_STANDARD = gnu11;
				GCC_DYNAMIC_NO_PIC = NO;
				GCC_NO_COMMON_BLOCKS = YES;
				GCC_OPTIMIZATION_LEVEL = 0;
				GCC_PREPROCESSOR_DEFINITIONS = (
					"DEBUG=1",
					"$(inherited)",
				);
				GCC_WARN_64_TO_32_BIT_CONVERSION = YES;
				GCC_WARN_ABOUT_RETURN_TYPE = YES_ERROR;
				GCC_WARN_UNDECLARED_SELECTOR = YES;
				GCC_WARN_UNINITIALIZED_AUTOS = YES_AGGRESSIVE;
				GCC_WARN_UNUSED_FUNCTION = YES;
				GCC_WARN_UNUSED_VARIABLE = YES;
				IPHONEOS_DEPLOYMENT_TARGET = 16.0;
				MTL_ENABLE_DEBUG_INFO = INCLUDE_SOURCE;
				MTL_FAST_MATH = YES;
				ONLY_ACTIVE_ARCH = YES;
				SDKROOT = iphoneos;
				SWIFT_ACTIVE_COMPILATION_CONDITIONS = DEBUG;
				SWIFT_OPTIMIZATION_LEVEL = "-Onone";
			};
			name = Debug;
		};
		156E76F428D8AB2300925141 /* Release */ = {
			isa = XCBuildConfiguration;
			buildSettings = {
				ALWAYS_SEARCH_USER_PATHS = NO;
				CLANG_ANALYZER_NONNULL = YES;
				CLANG_ANALYZER_NUMBER_OBJECT_CONVERSION = YES_AGGRESSIVE;
				CLANG_CXX_LANGUAGE_STANDARD = "gnu++20";
				CLANG_ENABLE_MODULES = YES;
				CLANG_ENABLE_OBJC_ARC = YES;
				CLANG_ENABLE_OBJC_WEAK = YES;
				CLANG_WARN_BLOCK_CAPTURE_AUTORELEASING = YES;
				CLANG_WARN_BOOL_CONVERSION = YES;
				CLANG_WARN_COMMA = YES;
				CLANG_WARN_CONSTANT_CONVERSION = YES;
				CLANG_WARN_DEPRECATED_OBJC_IMPLEMENTATIONS = YES;
				CLANG_WARN_DIRECT_OBJC_ISA_USAGE = YES_ERROR;
				CLANG_WARN_DOCUMENTATION_COMMENTS = YES;
				CLANG_WARN_EMPTY_BODY = YES;
				CLANG_WARN_ENUM_CONVERSION = YES;
				CLANG_WARN_INFINITE_RECURSION = YES;
				CLANG_WARN_INT_CONVERSION = YES;
				CLANG_WARN_NON_LITERAL_NULL_CONVERSION = YES;
				CLANG_WARN_OBJC_IMPLICIT_RETAIN_SELF = YES;
				CLANG_WARN_OBJC_LITERAL_CONVERSION = YES;
				CLANG_WARN_OBJC_ROOT_CLASS = YES_ERROR;
				CLANG_WARN_QUOTED_INCLUDE_IN_FRAMEWORK_HEADER = YES;
				CLANG_WARN_RANGE_LOOP_ANALYSIS = YES;
				CLANG_WARN_STRICT_PROTOTYPES = YES;
				CLANG_WARN_SUSPICIOUS_MOVE = YES;
				CLANG_WARN_UNGUARDED_AVAILABILITY = YES_AGGRESSIVE;
				CLANG_WARN_UNREACHABLE_CODE = YES;
				CLANG_WARN__DUPLICATE_METHOD_MATCH = YES;
				COPY_PHASE_STRIP = NO;
				DEBUG_INFORMATION_FORMAT = "dwarf-with-dsym";
				ENABLE_NS_ASSERTIONS = NO;
				ENABLE_STRICT_OBJC_MSGSEND = YES;
				GCC_C_LANGUAGE_STANDARD = gnu11;
				GCC_NO_COMMON_BLOCKS = YES;
				GCC_WARN_64_TO_32_BIT_CONVERSION = YES;
				GCC_WARN_ABOUT_RETURN_TYPE = YES_ERROR;
				GCC_WARN_UNDECLARED_SELECTOR = YES;
				GCC_WARN_UNINITIALIZED_AUTOS = YES_AGGRESSIVE;
				GCC_WARN_UNUSED_FUNCTION = YES;
				GCC_WARN_UNUSED_VARIABLE = YES;
				IPHONEOS_DEPLOYMENT_TARGET = 16.0;
				MTL_ENABLE_DEBUG_INFO = NO;
				MTL_FAST_MATH = YES;
				SDKROOT = iphoneos;
				SWIFT_COMPILATION_MODE = wholemodule;
				SWIFT_OPTIMIZATION_LEVEL = "-O";
				VALIDATE_PRODUCT = YES;
			};
			name = Release;
		};
		156E76F628D8AB2300925141 /* Debug */ = {
			isa = XCBuildConfiguration;
			buildSettings = {
				ASSETCATALOG_COMPILER_APPICON_NAME = AppIcon;
				ASSETCATALOG_COMPILER_GLOBAL_ACCENT_COLOR_NAME = AccentColor;
				CODE_SIGN_STYLE = Automatic;
				CURRENT_PROJECT_VERSION = 1;
				GENERATE_INFOPLIST_FILE = YES;
				INFOPLIST_FILE = GoodWeather/Info.plist;
				INFOPLIST_KEY_UIApplicationSupportsIndirectInputEvents = YES;
				INFOPLIST_KEY_UILaunchStoryboardName = LaunchScreen;
				INFOPLIST_KEY_UIMainStoryboardFile = Main;
				INFOPLIST_KEY_UIStatusBarStyle = UIStatusBarStyleLightContent;
				INFOPLIST_KEY_UISupportedInterfaceOrientations_iPad = "UIInterfaceOrientationPortrait UIInterfaceOrientationPortraitUpsideDown UIInterfaceOrientationLandscapeLeft UIInterfaceOrientationLandscapeRight";
				INFOPLIST_KEY_UISupportedInterfaceOrientations_iPhone = "UIInterfaceOrientationPortrait UIInterfaceOrientationLandscapeLeft UIInterfaceOrientationLandscapeRight";
				LD_RUNPATH_SEARCH_PATHS = (
					"$(inherited)",
					"@executable_path/Frameworks",
				);
				MARKETING_VERSION = 1.0;
				PRODUCT_BUNDLE_IDENTIFIER = com.karlis.lv.GoodWeather;
				PRODUCT_NAME = "$(TARGET_NAME)";
				SWIFT_EMIT_LOC_STRINGS = YES;
				SWIFT_VERSION = 5.0;
				TARGETED_DEVICE_FAMILY = "1,2";
			};
			name = Debug;
		};
		156E76F728D8AB2300925141 /* Release */ = {
			isa = XCBuildConfiguration;
			buildSettings = {
				ASSETCATALOG_COMPILER_APPICON_NAME = AppIcon;
				ASSETCATALOG_COMPILER_GLOBAL_ACCENT_COLOR_NAME = AccentColor;
				CODE_SIGN_STYLE = Automatic;
				CURRENT_PROJECT_VERSION = 1;
				GENERATE_INFOPLIST_FILE = YES;
				INFOPLIST_FILE = GoodWeather/Info.plist;
				INFOPLIST_KEY_UIApplicationSupportsIndirectInputEvents = YES;
				INFOPLIST_KEY_UILaunchStoryboardName = LaunchScreen;
				INFOPLIST_KEY_UIMainStoryboardFile = Main;
				INFOPLIST_KEY_UIStatusBarStyle = UIStatusBarStyleLightContent;
				INFOPLIST_KEY_UISupportedInterfaceOrientations_iPad = "UIInterfaceOrientationPortrait UIInterfaceOrientationPortraitUpsideDown UIInterfaceOrientationLandscapeLeft UIInterfaceOrientationLandscapeRight";
				INFOPLIST_KEY_UISupportedInterfaceOrientations_iPhone = "UIInterfaceOrientationPortrait UIInterfaceOrientationLandscapeLeft UIInterfaceOrientationLandscapeRight";
				LD_RUNPATH_SEARCH_PATHS = (
					"$(inherited)",
					"@executable_path/Frameworks",
				);
				MARKETING_VERSION = 1.0;
				PRODUCT_BUNDLE_IDENTIFIER = com.karlis.lv.GoodWeather;
				PRODUCT_NAME = "$(TARGET_NAME)";
				SWIFT_EMIT_LOC_STRINGS = YES;
				SWIFT_VERSION = 5.0;
				TARGETED_DEVICE_FAMILY = "1,2";
			};
			name = Release;
		};
/* End XCBuildConfiguration section */

/* Begin XCConfigurationList section */
		156E76DC28D8AB2000925141 /* Build configuration list for PBXProject "GoodWeather" */ = {
			isa = XCConfigurationList;
			buildConfigurations = (
				156E76F328D8AB2300925141 /* Debug */,
				156E76F428D8AB2300925141 /* Release */,
			);
			defaultConfigurationIsVisible = 0;
			defaultConfigurationName = Release;
		};
		156E76F528D8AB2300925141 /* Build configuration list for PBXNativeTarget "GoodWeather" */ = {
			isa = XCConfigurationList;
			buildConfigurations = (
				156E76F628D8AB2300925141 /* Debug */,
				156E76F728D8AB2300925141 /* Release */,
			);
			defaultConfigurationIsVisible = 0;
			defaultConfigurationName = Release;
		};
/* End XCConfigurationList section */
	};
	rootObject = 156E76D928D8AB2000925141 /* Project object */;
}
